
Microsoft Visual Studio Solution File, Format Version 11.00
# Visual Studio 2010
Project("{FAE04EC0-301F-11D3-BF4B-00C04F79EFBC}") = "Elijah Window", "Elijah Window\Elijah Window.csproj", "{50CC6651-B79F-461F-884F-4E82715181B6}"
EndProject
Project("{FAE04EC0-301F-11D3-BF4B-00C04F79EFBC}") = "SetupElijahWindowLibrary", "SetupElijahWindowLibrary\SetupElijahWindowLibrary.csproj", "{BA664DD7-867E-4048-A025-4253982A82A1}"
EndProject
Project("{54435603-DBB4-11D2-8724-00A0C9A8B90C}") = "SetupElijahWindow", "SetupElijahWindow\SetupElijahWindow.vdproj", "{F221C195-A6FF-43C6-8C67-52E3B5D7C67F}"
EndProject
Global
	GlobalSection(SolutionConfigurationPlatforms) = preSolution
		Debug|Any CPU = Debug|Any CPU
		Debug|Mixed Platforms = Debug|Mixed Platforms
		Debug|x86 = Debug|x86
		Release|Any CPU = Release|Any CPU
		Release|Mixed Platforms = Release|Mixed Platforms
		Release|x86 = Release|x86
	EndGlobalSection
	GlobalSection(ProjectConfigurationPlatforms) = postSolution
		{50CC6651-B79F-461F-884F-4E82715181B6}.Debug|Any CPU.ActiveCfg = Debug|x86
		{50CC6651-B79F-461F-884F-4E82715181B6}.Debug|Mixed Platforms.ActiveCfg = Debug|x86
		{50CC6651-B79F-461F-884F-4E82715181B6}.Debug|Mixed Platforms.Build.0 = Debug|x86
		{50CC6651-B79F-461F-884F-4E82715181B6}.Debug|x86.ActiveCfg = Debug|x86
		{50CC6651-B79F-461F-884F-4E82715181B6}.Debug|x86.Build.0 = Debug|x86
		{50CC6651-B79F-461F-884F-4E82715181B6}.Release|Any CPU.ActiveCfg = Release|x86
		{50CC6651-B79F-461F-884F-4E82715181B6}.Release|Mixed Platforms.ActiveCfg = Release|x86
		{50CC6651-B79F-461F-884F-4E82715181B6}.Release|Mixed Platforms.Build.0 = Release|x86
		{50CC6651-B79F-461F-884F-4E82715181B6}.Release|x86.ActiveCfg = Release|x86
		{50CC6651-B79F-461F-884F-4E82715181B6}.Release|x86.Build.0 = Release|x86
		{BA664DD7-867E-4048-A025-4253982A82A1}.Debug|Any CPU.ActiveCfg = Debug|Any CPU
		{BA664DD7-867E-4048-A025-4253982A82A1}.Debug|Any CPU.Build.0 = Debug|Any CPU
		{BA664DD7-867E-4048-A025-4253982A82A1}.Debug|Mixed Platforms.ActiveCfg = Debug|Any CPU
		{BA664DD7-867E-4048-A025-4253982A82A1}.Debug|Mixed Platforms.Build.0 = Debug|Any CPU
		{BA664DD7-867E-4048-A025-4253982A82A1}.Debug|x86.ActiveCfg = Debug|Any CPU
		{BA664DD7-867E-4048-A025-4253982A82A1}.Release|Any CPU.ActiveCfg = Release|Any CPU
		{BA664DD7-867E-4048-A025-4253982A82A1}.Release|Any CPU.Build.0 = Release|Any CPU
		{BA664DD7-867E-4048-A025-4253982A82A1}.Release|Mixed Platforms.ActiveCfg = Release|Any CPU
		{BA664DD7-867E-4048-A025-4253982A82A1}.Release|Mixed Platforms.Build.0 = Release|Any CPU
		{BA664DD7-867E-4048-A025-4253982A82A1}.Release|x86.ActiveCfg = Release|Any CPU
		{F221C195-A6FF-43C6-8C67-52E3B5D7C67F}.Debug|Any CPU.ActiveCfg = Debug
		{F221C195-A6FF-43C6-8C67-52E3B5D7C67F}.Debug|Mixed Platforms.ActiveCfg = Debug
		{F221C195-A6FF-43C6-8C67-52E3B5D7C67F}.Debug|x86.ActiveCfg = Debug
		{F221C195-A6FF-43C6-8C67-52E3B5D7C67F}.Release|Any CPU.ActiveCfg = Release
		{F221C195-A6FF-43C6-8C67-52E3B5D7C67F}.Release|Mixed Platforms.ActiveCfg = Release
		{F221C195-A6FF-43C6-8C67-52E3B5D7C67F}.Release|x86.ActiveCfg = Release
	EndGlobalSection
	GlobalSection(SolutionProperties) = preSolution
		HideSolutionNode = FALSE
	EndGlobalSection
EndGlobal
